
Microsoft Visual Studio Solution File, Format Version 12.00
# Visual Studio 15
VisualStudioVersion = 15.0.27004.2005
MinimumVisualStudioVersion = 10.0.40219.1
Project("{FAE04EC0-301F-11D3-BF4B-00C04F79EFBC}") = "CiscoAnyconnectControl.UI", "CiscoAnyconnectControl.UI\CiscoAnyconnectControl.UI.csproj", "{36A3E90A-B3D6-46C6-BD2C-159F0960B79C}"
EndProject
Project("{FAE04EC0-301F-11D3-BF4B-00C04F79EFBC}") = "CiscoAnyconnectControl.Utility", "CiscoAnyconnectControl.Utility\CiscoAnyconnectControl.Utility.csproj", "{62C43C62-81DF-4404-8C27-12DB3D0B5C3F}"
EndProject
Project("{FAE04EC0-301F-11D3-BF4B-00C04F79EFBC}") = "CiscoAnyconnectControl.CiscoCliWrapper", "CiscoAnyconnectControl.CiscoCliWrapper\CiscoAnyconnectControl.CiscoCliWrapper.csproj", "{4D636419-A89C-46E4-B30F-B4A48705A831}"
EndProject
Project("{FAE04EC0-301F-11D3-BF4B-00C04F79EFBC}") = "CiscoAnyconnectControl.Model", "CiscoAnyconnectControl.Model\CiscoAnyconnectControl.Model.csproj", "{81307BFC-DDAB-4A6F-B8CB-DD5498AB17CF}"
EndProject
Project("{FAE04EC0-301F-11D3-BF4B-00C04F79EFBC}") = "CiscoAnyconnectControl.IPC", "CiscoAnyconnectControl.IPC\CiscoAnyconnectControl.IPC.csproj", "{C02C137F-5602-40AB-A584-F4D3A23663D1}"
EndProject
Global
	GlobalSection(SolutionConfigurationPlatforms) = preSolution
		Debug|Any CPU = Debug|Any CPU
		Release|Any CPU = Release|Any CPU
	EndGlobalSection
	GlobalSection(ProjectConfigurationPlatforms) = postSolution
		{36A3E90A-B3D6-46C6-BD2C-159F0960B79C}.Debug|Any CPU.ActiveCfg = Debug|Any CPU
		{36A3E90A-B3D6-46C6-BD2C-159F0960B79C}.Debug|Any CPU.Build.0 = Debug|Any CPU
		{36A3E90A-B3D6-46C6-BD2C-159F0960B79C}.Release|Any CPU.ActiveCfg = Release|Any CPU
		{36A3E90A-B3D6-46C6-BD2C-159F0960B79C}.Release|Any CPU.Build.0 = Release|Any CPU
		{62C43C62-81DF-4404-8C27-12DB3D0B5C3F}.Debug|Any CPU.ActiveCfg = Debug|Any CPU
		{62C43C62-81DF-4404-8C27-12DB3D0B5C3F}.Debug|Any CPU.Build.0 = Debug|Any CPU
		{62C43C62-81DF-4404-8C27-12DB3D0B5C3F}.Release|Any CPU.ActiveCfg = Release|Any CPU
		{62C43C62-81DF-4404-8C27-12DB3D0B5C3F}.Release|Any CPU.Build.0 = Release|Any CPU
		{4D636419-A89C-46E4-B30F-B4A48705A831}.Debug|Any CPU.ActiveCfg = Debug|Any CPU
		{4D636419-A89C-46E4-B30F-B4A48705A831}.Debug|Any CPU.Build.0 = Debug|Any CPU
		{4D636419-A89C-46E4-B30F-B4A48705A831}.Release|Any CPU.ActiveCfg = Release|Any CPU
		{4D636419-A89C-46E4-B30F-B4A48705A831}.Release|Any CPU.Build.0 = Release|Any CPU
		{81307BFC-DDAB-4A6F-B8CB-DD5498AB17CF}.Debug|Any CPU.ActiveCfg = Debug|Any CPU
		{81307BFC-DDAB-4A6F-B8CB-DD5498AB17CF}.Debug|Any CPU.Build.0 = Debug|Any CPU
		{81307BFC-DDAB-4A6F-B8CB-DD5498AB17CF}.Release|Any CPU.ActiveCfg = Release|Any CPU
		{81307BFC-DDAB-4A6F-B8CB-DD5498AB17CF}.Release|Any CPU.Build.0 = Release|Any CPU
		{C02C137F-5602-40AB-A584-F4D3A23663D1}.Debug|Any CPU.ActiveCfg = Debug|Any CPU
		{C02C137F-5602-40AB-A584-F4D3A23663D1}.Debug|Any CPU.Build.0 = Debug|Any CPU
		{C02C137F-5602-40AB-A584-F4D3A23663D1}.Release|Any CPU.ActiveCfg = Release|Any CPU
		{C02C137F-5602-40AB-A584-F4D3A23663D1}.Release|Any CPU.Build.0 = Release|Any CPU
	EndGlobalSection
	GlobalSection(SolutionProperties) = preSolution
		HideSolutionNode = FALSE
	EndGlobalSection
	GlobalSection(ExtensibilityGlobals) = postSolution
		SolutionGuid = {0D226583-D024-4B64-97A3-116F7B710009}
	EndGlobalSection
EndGlobal
